
Microsoft Visual Studio Solution File, Format Version 12.00
# Visual Studio Version 16
VisualStudioVersion = 16.0.30516.212
MinimumVisualStudioVersion = 10.0.40219.1
Project("{9A19103F-16F7-4668-BE54-9A1E7A4F7556}") = "CompileTimeExecution", "CompileTimeExecution\CompileTimeExecution.csproj", "{C8AB4A5F-889F-42EF-A83F-F6C7A1B19027}"
EndProject
Project("{9A19103F-16F7-4668-BE54-9A1E7A4F7556}") = "CompileTimeExecutionTests", "CompileTimeExecutionTests\CompileTimeExecutionTests.csproj", "{448E1C0E-B896-4431-8506-1CF01D605BD9}"
EndProject
Global
	GlobalSection(SolutionConfigurationPlatforms) = preSolution
		Debug|Any CPU = Debug|Any CPU
		Release|Any CPU = Release|Any CPU
	EndGlobalSection
	GlobalSection(ProjectConfigurationPlatforms) = postSolution
		{C8AB4A5F-889F-42EF-A83F-F6C7A1B19027}.Debug|Any CPU.ActiveCfg = Debug|Any CPU
		{C8AB4A5F-889F-42EF-A83F-F6C7A1B19027}.Debug|Any CPU.Build.0 = Debug|Any CPU
		{C8AB4A5F-889F-42EF-A83F-F6C7A1B19027}.Release|Any CPU.ActiveCfg = Release|Any CPU
		{C8AB4A5F-889F-42EF-A83F-F6C7A1B19027}.Release|Any CPU.Build.0 = Release|Any CPU
		{448E1C0E-B896-4431-8506-1CF01D605BD9}.Debug|Any CPU.ActiveCfg = Debug|Any CPU
		{448E1C0E-B896-4431-8506-1CF01D605BD9}.Debug|Any CPU.Build.0 = Debug|Any CPU
		{448E1C0E-B896-4431-8506-1CF01D605BD9}.Release|Any CPU.ActiveCfg = Release|Any CPU
		{448E1C0E-B896-4431-8506-1CF01D605BD9}.Release|Any CPU.Build.0 = Release|Any CPU
	EndGlobalSection
	GlobalSection(SolutionProperties) = preSolution
		HideSolutionNode = FALSE
	EndGlobalSection
	GlobalSection(ExtensibilityGlobals) = postSolution
		SolutionGuid = {0D1489CC-E957-41CD-8AD7-96F422DCFFD6}
	EndGlobalSection
EndGlobal
